
Microsoft Visual Studio Solution File, Format Version 12.00
# Visual Studio Version 17
VisualStudioVersion = 17.6.33829.357
MinimumVisualStudioVersion = 10.0.40219.1
Project("{FAE04EC0-301F-11D3-BF4B-00C04F79EFBC}") = "BLazorSSO_WithAPI", "BLazorSSO_WithAPI\BLazorSSO_WithAPI.csproj", "{273CD8AE-82FB-434D-B089-6BD6E38587AD}"
EndProject
Global
	GlobalSection(SolutionConfigurationPlatforms) = preSolution
		Debug|Any CPU = Debug|Any CPU
		Release|Any CPU = Release|Any CPU
	EndGlobalSection
	GlobalSection(ProjectConfigurationPlatforms) = postSolution
		{273CD8AE-82FB-434D-B089-6BD6E38587AD}.Debug|Any CPU.ActiveCfg = Debug|Any CPU
		{273CD8AE-82FB-434D-B089-6BD6E38587AD}.Debug|Any CPU.Build.0 = Debug|Any CPU
		{273CD8AE-82FB-434D-B089-6BD6E38587AD}.Release|Any CPU.ActiveCfg = Release|Any CPU
		{273CD8AE-82FB-434D-B089-6BD6E38587AD}.Release|Any CPU.Build.0 = Release|Any CPU
	EndGlobalSection
	GlobalSection(SolutionProperties) = preSolution
		HideSolutionNode = FALSE
	EndGlobalSection
	GlobalSection(ExtensibilityGlobals) = postSolution
		SolutionGuid = {C07FEB40-93B0-4FED-821C-8B18C55447F2}
	EndGlobalSection
EndGlobal
